
Microsoft Visual Studio Solution File, Format Version 12.00
# Visual Studio 14
VisualStudioVersion = 14.0.25420.1
MinimumVisualStudioVersion = 10.0.40219.1
Project("{FAE04EC0-301F-11D3-BF4B-00C04F79EFBC}") = "Kajabity.Tools.Csv", "Kajabity.Tools.Csv\Kajabity.Tools.Csv.csproj", "{01894E2C-876E-4C7A-98BD-4F8EDAD26054}"
EndProject
Project("{2150E333-8FDC-42A3-9474-1A3956D46DE8}") = "Solution Items", "Solution Items", "{0C119064-6B69-4CD6-B69B-311DE58AFE71}"
	ProjectSection(SolutionItems) = preProject
		.gitignore = .gitignore
		appveyor.yml = appveyor.yml
		README.md = README.md
	EndProjectSection
EndProject
Project("{FAE04EC0-301F-11D3-BF4B-00C04F79EFBC}") = "Kajabity.Tools.Csv.Test", "Kajabity.Tools.Csv.Test\Kajabity.Tools.Csv.Test.csproj", "{231B0AF3-C05D-40B6-8DB8-6E5D2527E453}"
EndProject
Global
	GlobalSection(SolutionConfigurationPlatforms) = preSolution
		Debug|Any CPU = Debug|Any CPU
		Release|Any CPU = Release|Any CPU
	EndGlobalSection
	GlobalSection(ProjectConfigurationPlatforms) = postSolution
		{01894E2C-876E-4C7A-98BD-4F8EDAD26054}.Debug|Any CPU.ActiveCfg = Debug|Any CPU
		{01894E2C-876E-4C7A-98BD-4F8EDAD26054}.Debug|Any CPU.Build.0 = Debug|Any CPU
		{01894E2C-876E-4C7A-98BD-4F8EDAD26054}.Release|Any CPU.ActiveCfg = Release|Any CPU
		{01894E2C-876E-4C7A-98BD-4F8EDAD26054}.Release|Any CPU.Build.0 = Release|Any CPU
		{231B0AF3-C05D-40B6-8DB8-6E5D2527E453}.Debug|Any CPU.ActiveCfg = Debug|Any CPU
		{231B0AF3-C05D-40B6-8DB8-6E5D2527E453}.Debug|Any CPU.Build.0 = Debug|Any CPU
		{231B0AF3-C05D-40B6-8DB8-6E5D2527E453}.Release|Any CPU.ActiveCfg = Release|Any CPU
		{231B0AF3-C05D-40B6-8DB8-6E5D2527E453}.Release|Any CPU.Build.0 = Release|Any CPU
	EndGlobalSection
	GlobalSection(SolutionProperties) = preSolution
		HideSolutionNode = FALSE
	EndGlobalSection
EndGlobal
